// !$*UTF8*$!
{
	archiveVersion = 1;
	classes = {
	};
	objectVersion = 50;
	objects = {

/* Begin PBXBuildFile section */
		C20CA58821DE51D700BDEBAC /* AppDelegate.swift in Sources */ = {isa = PBXBuildFile; fileRef = C20CA58721DE51D700BDEBAC /* AppDelegate.swift */; };
		C20CA58A21DE51D700BDEBAC /* ViewController.swift in Sources */ = {isa = PBXBuildFile; fileRef = C20CA58921DE51D700BDEBAC /* ViewController.swift */; };
		C20CA58D21DE51D700BDEBAC /* Main.storyboard in Resources */ = {isa = PBXBuildFile; fileRef = C20CA58B21DE51D700BDEBAC /* Main.storyboard */; };
		C20CA58F21DE51DA00BDEBAC /* Assets.xcassets in Resources */ = {isa = PBXBuildFile; fileRef = C20CA58E21DE51DA00BDEBAC /* Assets.xcassets */; };
		C20CA59221DE51DA00BDEBAC /* LaunchScreen.storyboard in Resources */ = {isa = PBXBuildFile; fileRef = C20CA59021DE51DA00BDEBAC /* LaunchScreen.storyboard */; };
		C20CA59A21DE51F200BDEBAC /* WaveView.swift in Sources */ = {isa = PBXBuildFile; fileRef = C20CA59921DE51F200BDEBAC /* WaveView.swift */; };
		C20CA59C21E1359100BDEBAC /* WQWaveView.swift in Sources */ = {isa = PBXBuildFile; fileRef = C20CA59B21E1359100BDEBAC /* WQWaveView.swift */; };
/* End PBXBuildFile section */

/* Begin PBXFileReference section */
		C20CA58421DE51D700BDEBAC /* WaveView.app */ = {isa = PBXFileReference; explicitFileType = wrapper.application; includeInIndex = 0; path = WaveView.app; sourceTree = BUILT_PRODUCTS_DIR; };
		C20CA58721DE51D700BDEBAC /* AppDelegate.swift */ = {isa = PBXFileReference; lastKnownFileType = sourcecode.swift; path = AppDelegate.swift; sourceTree = "<group>"; };
		C20CA58921DE51D700BDEBAC /* ViewController.swift */ = {isa = PBXFileReference; lastKnownFileType = sourcecode.swift; path = ViewController.swift; sourceTree = "<group>"; };
		C20CA58C21DE51D700BDEBAC /* Base */ = {isa = PBXFileReference; lastKnownFileType = file.storyboard; name = Base; path = Base.lproj/Main.storyboard; sourceTree = "<group>"; };
		C20CA58E21DE51DA00BDEBAC /* Assets.xcassets */ = {isa = PBXFileReference; lastKnownFileType = folder.assetcatalog; path = Assets.xcassets; sourceTree = "<group>"; };
		C20CA59121DE51DA00BDEBAC /* Base */ = {isa = PBXFileReference; lastKnownFileType = file.storyboard; name = Base; path = Base.lproj/LaunchScreen.storyboard; sourceTree = "<group>"; };
		C20CA59321DE51DA00BDEBAC /* Info.plist */ = {isa = PBXFileReference; lastKnownFileType = text.plist.xml; path = Info.plist; sourceTree = "<group>"; };
		C20CA59921DE51F200BDEBAC /* WaveView.swift */ = {isa = PBXFileReference; lastKnownFileType = sourcecode.swift; path = WaveView.swift; sourceTree = "<group>"; };
		C20CA59B21E1359100BDEBAC /* WQWaveView.swift */ = {isa = PBXFileReference; lastKnownFileType = sourcecode.swift; path = WQWaveView.swift; sourceTree = "<group>"; };
/* End PBXFileReference section */

/* Begin PBXFrameworksBuildPhase section */
		C20CA58121DE51D700BDEBAC /* Frameworks */ = {
			isa = PBXFrameworksBuildPhase;
			buildActionMask = 2147483647;
			files = (
			);
			runOnlyForDeploymentPostprocessing = 0;
		};
/* End PBXFrameworksBuildPhase section */

/* Begin PBXGroup section */
		C20CA57B21DE51D700BDEBAC = {
			isa = PBXGroup;
			children = (
				C20CA58621DE51D700BDEBAC /* WaveView */,
				C20CA58521DE51D700BDEBAC /* Products */,
			);
			sourceTree = "<group>";
		};
		C20CA58521DE51D700BDEBAC /* Products */ = {
			isa = PBXGroup;
			children = (
				C20CA58421DE51D700BDEBAC /* WaveView.app */,
			);
			name = Products;
			sourceTree = "<group>";
		};
		C20CA58621DE51D700BDEBAC /* WaveView */ = {
			isa = PBXGroup;
			children = (
				C20CA58721DE51D700BDEBAC /* AppDelegate.swift */,
				C20CA58921DE51D700BDEBAC /* ViewController.swift */,
				C20CA59921DE51F200BDEBAC /* WaveView.swift */,
				C20CA59B21E1359100BDEBAC /* WQWaveView.swift */,
				C20CA58B21DE51D700BDEBAC /* Main.storyboard */,
				C20CA58E21DE51DA00BDEBAC /* Assets.xcassets */,
				C20CA59021DE51DA00BDEBAC /* LaunchScreen.storyboard */,
				C20CA59321DE51DA00BDEBAC /* Info.plist */,
			);
			path = WaveView;
			sourceTree = "<group>";
		};
/* End PBXGroup section */

/* Begin PBXNativeTarget section */
		C20CA58321DE51D700BDEBAC /* WaveView */ = {
			isa = PBXNativeTarget;
			buildConfigurationList = C20CA59621DE51DA00BDEBAC /* Build configuration list for PBXNativeTarget "WaveView" */;
			buildPhases = (
				C20CA58021DE51D700BDEBAC /* Sources */,
				C20CA58121DE51D700BDEBAC /* Frameworks */,
				C20CA58221DE51D700BDEBAC /* Resources */,
			);
			buildRules = (
			);
			dependencies = (
			);
			name = WaveView;
			productName = WaveView;
			productReference = C20CA58421DE51D700BDEBAC /* WaveView.app */;
			productType = "com.apple.product-type.application";
		};
/* End PBXNativeTarget section */

/* Begin PBXProject section */
		C20CA57C21DE51D700BDEBAC /* Project object */ = {
			isa = PBXProject;
			attributes = {
				LastSwiftUpdateCheck = 1000;
				LastUpgradeCheck = 1000;
				ORGANIZATIONNAME = "王伟奇";
				TargetAttributes = {
					C20CA58321DE51D700BDEBAC = {
						CreatedOnToolsVersion = 10.0;
					};
				};
			};
			buildConfigurationList = C20CA57F21DE51D700BDEBAC /* Build configuration list for PBXProject "WaveView" */;
			compatibilityVersion = "Xcode 9.3";
			developmentRegion = en;
			hasScannedForEncodings = 0;
			knownRegions = (
				en,
				Base,
			);
			mainGroup = C20CA57B21DE51D700BDEBAC;
			productRefGroup = C20CA58521DE51D700BDEBAC /* Products */;
			projectDirPath = "";
			projectRoot = "";
			targets = (
				C20CA58321DE51D700BDEBAC /* WaveView */,
			);
		};
/* End PBXProject section */

/* Begin PBXResourcesBuildPhase section */
		C20CA58221DE51D700BDEBAC /* Resources */ = {
			isa = PBXResourcesBuildPhase;
			buildActionMask = 2147483647;
			files = (
				C20CA59221DE51DA00BDEBAC /* LaunchScreen.storyboard in Resources */,
				C20CA58F21DE51DA00BDEBAC /* Assets.xcassets in Resources */,
				C20CA58D21DE51D700BDEBAC /* Main.storyboard in Resources */,
			);
			runOnlyForDeploymentPostprocessing = 0;
		};
/* End PBXResourcesBuildPhase section */

/* Begin PBXSourcesBuildPhase section */
		C20CA58021DE51D700BDEBAC /* Sources */ = {
			isa = PBXSourcesBuildPhase;
			buildActionMask = 2147483647;
			files = (
				C20CA58A21DE51D700BDEBAC /* ViewController.swift in Sources */,
				C20CA59C21E1359100BDEBAC /* WQWaveView.swift in Sources */,
				C20CA59A21DE51F200BDEBAC /* WaveView.swift in Sources */,
				C20CA58821DE51D700BDEBAC /* AppDelegate.swift in Sources */,
			);
			runOnlyForDeploymentPostprocessing = 0;
		};
/* End PBXSourcesBuildPhase section */

/* Begin PBXVariantGroup section */
		C20CA58B21DE51D700BDEBAC /* Main.storyboard */ = {
			isa = PBXVariantGroup;
			children = (
				C20CA58C21DE51D700BDEBAC /* Base */,
			);
			name = Main.storyboard;
			sourceTree = "<group>";
		};
		C20CA59021DE51DA00BDEBAC /* LaunchScreen.storyboard */ = {
			isa = PBXVariantGroup;
			children = (
				C20CA59121DE51DA00BDEBAC /* Base */,
			);
			name = LaunchScreen.storyboard;
			sourceTree = "<group>";
		};
/* End PBXVariantGroup section */

/* Begin XCBuildConfiguration section */
		C20CA59421DE51DA00BDEBAC /* Debug */ = {
			isa = XCBuildConfiguration;
			buildSettings = {
				ALWAYS_SEARCH_USER_PATHS = NO;
				CLANG_ANALYZER_NONNULL = YES;
				CLANG_ANALYZER_NUMBER_OBJECT_CONVERSION = YES_AGGRESSIVE;
				CLANG_CXX_LANGUAGE_STANDARD = "gnu++14";
				CLANG_CXX_LIBRARY = "libc++";
				CLANG_ENABLE_MODULES = YES;
				CLANG_ENABLE_OBJC_ARC = YES;
				CLANG_ENABLE_OBJC_WEAK = YES;
				CLANG_WARN_BLOCK_CAPTURE_AUTORELEASING = YES;
				CLANG_WARN_BOOL_CONVERSION = YES;
				CLANG_WARN_COMMA = YES;
				CLANG_WARN_CONSTANT_CONVERSION = YES;
				CLANG_WARN_DEPRECATED_OBJC_IMPLEMENTATIONS = YES;
				CLANG_WARN_DIRECT_OBJC_ISA_USAGE = YES_ERROR;
				CLANG_WARN_DOCUMENTATION_COMMENTS = YES;
				CLANG_WARN_EMPTY_BODY = YES;
				CLANG_WARN_ENUM_CONVERSION = YES;
				CLANG_WARN_INFINITE_RECURSION = YES;
				CLANG_WARN_INT_CONVERSION = YES;
				CLANG_WARN_NON_LITERAL_NULL_CONVERSION = YES;
				CLANG_WARN_OBJC_IMPLICIT_RETAIN_SELF = YES;
				CLANG_WARN_OBJC_LITERAL_CONVERSION = YES;
				CLANG_WARN_OBJC_ROOT_CLASS = YES_ERROR;
				CLANG_WARN_RANGE_LOOP_ANALYSIS = YES;
				CLANG_WARN_STRICT_PROTOTYPES = YES;
				CLANG_WARN_SUSPICIOUS_MOVE = YES;
				CLANG_WARN_UNGUARDED_AVAILABILITY = YES_AGGRESSIVE;
				CLANG_WARN_UNREACHABLE_CODE = YES;
				CLANG_WARN__DUPLICATE_METHOD_MATCH = YES;
				CODE_SIGN_IDENTITY = "iPhone Developer";
				COPY_PHASE_STRIP = NO;
				DEBUG_INFORMATION_FORMAT = dwarf;
				ENABLE_STRICT_OBJC_MSGSEND = YES;
				ENABLE_TESTABILITY = YES;
				GCC_C_LANGUAGE_STANDARD = gnu11;
				GCC_DYNAMIC_NO_PIC = NO;
				GCC_NO_COMMON_BLOCKS = YES;
				GCC_OPTIMIZATION_LEVEL = 0;
				GCC_PREPROCESSOR_DEFINITIONS = (
					"DEBUG=1",
					"$(inherited)",
				);
				GCC_WARN_64_TO_32_BIT_CONVERSION = YES;
				GCC_WARN_ABOUT_RETURN_TYPE = YES_ERROR;
				GCC_WARN_UNDECLARED_SELECTOR = YES;
				GCC_WARN_UNINITIALIZED_AUTOS = YES_AGGRESSIVE;
				GCC_WARN_UNUSED_FUNCTION = YES;
				GCC_WARN_UNUSED_VARIABLE = YES;
				IPHONEOS_DEPLOYMENT_TARGET = 12.0;
				MTL_ENABLE_DEBUG_INFO = INCLUDE_SOURCE;
				MTL_FAST_MATH = YES;
				ONLY_ACTIVE_ARCH = YES;
				SDKROOT = iphoneos;
				SWIFT_ACTIVE_COMPILATION_CONDITIONS = DEBUG;
				SWIFT_OPTIMIZATION_LEVEL = "-Onone";
			};
			name = Debug;
		};
		C20CA59521DE51DA00BDEBAC /* Release */ = {
			isa = XCBuildConfiguration;
			buildSettings = {
				ALWAYS_SEARCH_USER_PATHS = NO;
				CLANG_ANALYZER_NONNULL = YES;
				CLANG_ANALYZER_NUMBER_OBJECT_CONVERSION = YES_AGGRESSIVE;
				CLANG_CXX_LANGUAGE_STANDARD = "gnu++14";
				CLANG_CXX_LIBRARY = "libc++";
				CLANG_ENABLE_MODULES = YES;
				CLANG_ENABLE_OBJC_ARC = YES;
				CLANG_ENABLE_OBJC_WEAK = YES;
				CLANG_WARN_BLOCK_CAPTURE_AUTORELEASING = YES;
				CLANG_WARN_BOOL_CONVERSION = YES;
				CLANG_WARN_COMMA = YES;
				CLANG_WARN_CONSTANT_CONVERSION = YES;
				CLANG_WARN_DEPRECATED_OBJC_IMPLEMENTATIONS = YES;
				CLANG_WARN_DIRECT_OBJC_ISA_USAGE = YES_ERROR;
				CLANG_WARN_DOCUMENTATION_COMMENTS = YES;
				CLANG_WARN_EMPTY_BODY = YES;
				CLANG_WARN_ENUM_CONVERSION = YES;
				CLANG_WARN_INFINITE_RECURSION = YES;
				CLANG_WARN_INT_CONVERSION = YES;
				CLANG_WARN_NON_LITERAL_NULL_CONVERSION = YES;
				CLANG_WARN_OBJC_IMPLICIT_RETAIN_SELF = YES;
				CLANG_WARN_OBJC_LITERAL_CONVERSION = YES;
				CLANG_WARN_OBJC_ROOT_CLASS = YES_ERROR;
				CLANG_WARN_RANGE_LOOP_ANALYSIS = YES;
				CLANG_WARN_STRICT_PROTOTYPES = YES;
				CLANG_WARN_SUSPICIOUS_MOVE = YES;
				CLANG_WARN_UNGUARDED_AVAILABILITY = YES_AGGRESSIVE;
				CLANG_WARN_UNREACHABLE_CODE = YES;
				CLANG_WARN__DUPLICATE_METHOD_MATCH = YES;
				CODE_SIGN_IDENTITY = "iPhone Developer";
				COPY_PHASE_STRIP = NO;
				DEBUG_INFORMATION_FORMAT = "dwarf-with-dsym";
				ENABLE_NS_ASSERTIONS = NO;
				ENABLE_STRICT_OBJC_MSGSEND = YES;
				GCC_C_LANGUAGE_STANDARD = gnu11;
				GCC_NO_COMMON_BLOCKS = YES;
				GCC_WARN_64_TO_32_BIT_CONVERSION = YES;
				GCC_WARN_ABOUT_RETURN_TYPE = YES_ERROR;
				GCC_WARN_UNDECLARED_SELECTOR = YES;
				GCC_WARN_UNINITIALIZED_AUTOS = YES_AGGRESSIVE;
				GCC_WARN_UNUSED_FUNCTION = YES;
				GCC_WARN_UNUSED_VARIABLE = YES;
				IPHONEOS_DEPLOYMENT_TARGET = 12.0;
				MTL_ENABLE_DEBUG_INFO = NO;
				MTL_FAST_MATH = YES;
				SDKROOT = iphoneos;
				SWIFT_COMPILATION_MODE = wholemodule;
				SWIFT_OPTIMIZATION_LEVEL = "-O";
				VALIDATE_PRODUCT = YES;
			};
			name = Release;
		};
		C20CA59721DE51DA00BDEBAC /* Debug */ = {
			isa = XCBuildConfiguration;
			buildSettings = {
				ASSETCATALOG_COMPILER_APPICON_NAME = AppIcon;
				CODE_SIGN_STYLE = Automatic;
				DEVELOPMENT_TEAM = 3TX76W4CSD;
				INFOPLIST_FILE = WaveView/Info.plist;
				LD_RUNPATH_SEARCH_PATHS = (
					"$(inherited)",
					"@executable_path/Frameworks",
				);
				PRODUCT_BUNDLE_IDENTIFIER = com.TextApp.WaveView;
				PRODUCT_NAME = "$(TARGET_NAME)";
				SWIFT_VERSION = 4.2;
				TARGETED_DEVICE_FAMILY = "1,2";
			};
			name = Debug;
		};
		C20CA59821DE51DA00BDEBAC /* Release */ = {
			isa = XCBuildConfiguration;
			buildSettings = {
				ASSETCATALOG_COMPILER_APPICON_NAME = AppIcon;
				CODE_SIGN_STYLE = Automatic;
				DEVELOPMENT_TEAM = 3TX76W4CSD;
				INFOPLIST_FILE = WaveView/Info.plist;
				LD_RUNPATH_SEARCH_PATHS = (
					"$(inherited)",
					"@executable_path/Frameworks",
				);
				PRODUCT_BUNDLE_IDENTIFIER = com.TextApp.WaveView;
				PRODUCT_NAME = "$(TARGET_NAME)";
				SWIFT_VERSION = 4.2;
				TARGETED_DEVICE_FAMILY = "1,2";
			};
			name = Release;
		};
/* End XCBuildConfiguration section */

/* Begin XCConfigurationList section */
		C20CA57F21DE51D700BDEBAC /* Build configuration list for PBXProject "WaveView" */ = {
			isa = XCConfigurationList;
			buildConfigurations = (
				C20CA59421DE51DA00BDEBAC /* Debug */,
				C20CA59521DE51DA00BDEBAC /* Release */,
			);
			defaultConfigurationIsVisible = 0;
			defaultConfigurationName = Release;
		};
		C20CA59621DE51DA00BDEBAC /* Build configuration list for PBXNativeTarget "WaveView" */ = {
			isa = XCConfigurationList;
			buildConfigurations = (
				C20CA59721DE51DA00BDEBAC /* Debug */,
				C20CA59821DE51DA00BDEBAC /* Release */,
			);
			defaultConfigurationIsVisible = 0;
			defaultConfigurationName = Release;
		};
/* End XCConfigurationList section */
	};
	rootObject = C20CA57C21DE51D700BDEBAC /* Project object */;
}
